
Microsoft Visual Studio Solution File, Format Version 12.00
# Visual Studio Version 17
VisualStudioVersion = 17.8.34309.116
MinimumVisualStudioVersion = 10.0.40219.1
Project("{FAE04EC0-301F-11D3-BF4B-00C04F79EFBC}") = "Cowain_AutoMotion", "Cowain_AutoMotion\Cowain_AutoMotion.csproj", "{9BB1AA62-CCA5-4272-B006-CAB972A7C937}"
EndProject
Project("{FAE04EC0-301F-11D3-BF4B-00C04F79EFBC}") = "Chart", "Cowain_AutoMotion\Chart\Chart\Chart.csproj", "{98BD88C6-FE1A-4F6C-885D-77BD3AB1BFD8}"
EndProject
Project("{FAE04EC0-301F-11D3-BF4B-00C04F79EFBC}") = "LightUI", "Editor\LightUI\LightUI.csproj", "{093D3AC9-E459-44BA-BE1B-14DCB63CB572}"
EndProject
Project("{FAE04EC0-301F-11D3-BF4B-00C04F79EFBC}") = "NetronLight", "Editor\NetronLight\NetronLight.csproj", "{6E58DFD7-5154-4AA3-96DF-E562DE00393B}"
EndProject
Project("{2150E333-8FDC-42A3-9474-1A3956D46DE8}") = "解决方案项", "解决方案项", "{54A05238-5A0F-41AF-89AE-4562AE3CAC25}"
	ProjectSection(SolutionItems) = preProject
		Editor\WorkFlow\WorkFlow.csproj = Editor\WorkFlow\WorkFlow.csproj
	EndProjectSection
EndProject
Project("{FAE04EC0-301F-11D3-BF4B-00C04F79EFBC}") = "MotionBase", "MachineBase\MotionBase\MotionBase\MotionBase.csproj", "{D6BA6332-1A10-4C4C-809D-2CB730AF4FE1}"
EndProject
Global
	GlobalSection(SolutionConfigurationPlatforms) = preSolution
		Debug|Any CPU = Debug|Any CPU
		Debug|x64 = Debug|x64
		Release|Any CPU = Release|Any CPU
		Release|x64 = Release|x64
	EndGlobalSection
	GlobalSection(ProjectConfigurationPlatforms) = postSolution
		{9BB1AA62-CCA5-4272-B006-CAB972A7C937}.Debug|Any CPU.ActiveCfg = Debug|Any CPU
		{9BB1AA62-CCA5-4272-B006-CAB972A7C937}.Debug|Any CPU.Build.0 = Debug|Any CPU
		{9BB1AA62-CCA5-4272-B006-CAB972A7C937}.Debug|x64.ActiveCfg = Debug|x64
		{9BB1AA62-CCA5-4272-B006-CAB972A7C937}.Debug|x64.Build.0 = Debug|x64
		{9BB1AA62-CCA5-4272-B006-CAB972A7C937}.Release|Any CPU.ActiveCfg = Release|Any CPU
		{9BB1AA62-CCA5-4272-B006-CAB972A7C937}.Release|Any CPU.Build.0 = Release|Any CPU
		{9BB1AA62-CCA5-4272-B006-CAB972A7C937}.Release|x64.ActiveCfg = Release|x64
		{9BB1AA62-CCA5-4272-B006-CAB972A7C937}.Release|x64.Build.0 = Release|x64
		{98BD88C6-FE1A-4F6C-885D-77BD3AB1BFD8}.Debug|Any CPU.ActiveCfg = Debug|Any CPU
		{98BD88C6-FE1A-4F6C-885D-77BD3AB1BFD8}.Debug|Any CPU.Build.0 = Debug|Any CPU
		{98BD88C6-FE1A-4F6C-885D-77BD3AB1BFD8}.Debug|x64.ActiveCfg = Debug|Any CPU
		{98BD88C6-FE1A-4F6C-885D-77BD3AB1BFD8}.Debug|x64.Build.0 = Debug|Any CPU
		{98BD88C6-FE1A-4F6C-885D-77BD3AB1BFD8}.Release|Any CPU.ActiveCfg = Release|Any CPU
		{98BD88C6-FE1A-4F6C-885D-77BD3AB1BFD8}.Release|Any CPU.Build.0 = Release|Any CPU
		{98BD88C6-FE1A-4F6C-885D-77BD3AB1BFD8}.Release|x64.ActiveCfg = Release|Any CPU
		{98BD88C6-FE1A-4F6C-885D-77BD3AB1BFD8}.Release|x64.Build.0 = Release|Any CPU
		{093D3AC9-E459-44BA-BE1B-14DCB63CB572}.Debug|Any CPU.ActiveCfg = Debug|Any CPU
		{093D3AC9-E459-44BA-BE1B-14DCB63CB572}.Debug|Any CPU.Build.0 = Debug|Any CPU
		{093D3AC9-E459-44BA-BE1B-14DCB63CB572}.Debug|x64.ActiveCfg = Debug|x64
		{093D3AC9-E459-44BA-BE1B-14DCB63CB572}.Debug|x64.Build.0 = Debug|x64
		{093D3AC9-E459-44BA-BE1B-14DCB63CB572}.Release|Any CPU.ActiveCfg = Release|Any CPU
		{093D3AC9-E459-44BA-BE1B-14DCB63CB572}.Release|Any CPU.Build.0 = Release|Any CPU
		{093D3AC9-E459-44BA-BE1B-14DCB63CB572}.Release|x64.ActiveCfg = Release|x64
		{093D3AC9-E459-44BA-BE1B-14DCB63CB572}.Release|x64.Build.0 = Release|x64
		{6E58DFD7-5154-4AA3-96DF-E562DE00393B}.Debug|Any CPU.ActiveCfg = Debug|Any CPU
		{6E58DFD7-5154-4AA3-96DF-E562DE00393B}.Debug|Any CPU.Build.0 = Debug|Any CPU
		{6E58DFD7-5154-4AA3-96DF-E562DE00393B}.Debug|x64.ActiveCfg = Debug|x64
		{6E58DFD7-5154-4AA3-96DF-E562DE00393B}.Debug|x64.Build.0 = Debug|x64
		{6E58DFD7-5154-4AA3-96DF-E562DE00393B}.Release|Any CPU.ActiveCfg = Release|Any CPU
		{6E58DFD7-5154-4AA3-96DF-E562DE00393B}.Release|Any CPU.Build.0 = Release|Any CPU
		{6E58DFD7-5154-4AA3-96DF-E562DE00393B}.Release|x64.ActiveCfg = Release|x64
		{6E58DFD7-5154-4AA3-96DF-E562DE00393B}.Release|x64.Build.0 = Release|x64
		{D6BA6332-1A10-4C4C-809D-2CB730AF4FE1}.Debug|Any CPU.ActiveCfg = Debug|Any CPU
		{D6BA6332-1A10-4C4C-809D-2CB730AF4FE1}.Debug|Any CPU.Build.0 = Debug|Any CPU
		{D6BA6332-1A10-4C4C-809D-2CB730AF4FE1}.Debug|x64.ActiveCfg = Debug|x64
		{D6BA6332-1A10-4C4C-809D-2CB730AF4FE1}.Debug|x64.Build.0 = Debug|x64
		{D6BA6332-1A10-4C4C-809D-2CB730AF4FE1}.Release|Any CPU.ActiveCfg = Release|Any CPU
		{D6BA6332-1A10-4C4C-809D-2CB730AF4FE1}.Release|Any CPU.Build.0 = Release|Any CPU
		{D6BA6332-1A10-4C4C-809D-2CB730AF4FE1}.Release|x64.ActiveCfg = Release|x64
		{D6BA6332-1A10-4C4C-809D-2CB730AF4FE1}.Release|x64.Build.0 = Release|x64
	EndGlobalSection
	GlobalSection(SolutionProperties) = preSolution
		HideSolutionNode = FALSE
	EndGlobalSection
	GlobalSection(ExtensibilityGlobals) = postSolution
		SolutionGuid = {00897BEA-66D8-4639-82F8-32C9E0E55E0B}
	EndGlobalSection
EndGlobal
