
Microsoft Visual Studio Solution File, Format Version 12.00
# Visual Studio Version 17
VisualStudioVersion = 17.3.32929.385
MinimumVisualStudioVersion = 10.0.40219.1
Project("{FAE04EC0-301F-11D3-BF4B-00C04F79EFBC}") = "EnumParam", "EnumParam\EnumParam.csproj", "{BB654A74-A141-480B-8662-298A08B48447}"
EndProject
Global
	GlobalSection(SolutionConfigurationPlatforms) = preSolution
		Debug|Any CPU = Debug|Any CPU
		Release|Any CPU = Release|Any CPU
	EndGlobalSection
	GlobalSection(ProjectConfigurationPlatforms) = postSolution
		{BB654A74-A141-480B-8662-298A08B48447}.Debug|Any CPU.ActiveCfg = Debug|Any CPU
		{BB654A74-A141-480B-8662-298A08B48447}.Debug|Any CPU.Build.0 = Debug|Any CPU
		{BB654A74-A141-480B-8662-298A08B48447}.Release|Any CPU.ActiveCfg = Release|Any CPU
		{BB654A74-A141-480B-8662-298A08B48447}.Release|Any CPU.Build.0 = Release|Any CPU
	EndGlobalSection
	GlobalSection(SolutionProperties) = preSolution
		HideSolutionNode = FALSE
	EndGlobalSection
	GlobalSection(ExtensibilityGlobals) = postSolution
		SolutionGuid = {31E9FE8F-040C-415B-A254-5B2D37FE099E}
	EndGlobalSection
EndGlobal
